
Microsoft Visual Studio Solution File, Format Version 12.00
# Visual Studio 14
VisualStudioVersion = 14.0.25123.0
MinimumVisualStudioVersion = 10.0.40219.1
Project("{2150E333-8FDC-42A3-9474-1A3956D46DE8}") = "Libs", "Libs", "{7595A850-05E0-4828-A5BF-00B8B3086ED5}"
EndProject
Project("{FAE04EC0-301F-11D3-BF4B-00C04F79EFBC}") = "Famoser.YoutubePlaylistDownloader.Business", "Famoser.YoutubePlaylistDownloader.Business\Famoser.YoutubePlaylistDownloader.Business.csproj", "{E66988D1-D2CB-471B-8EEB-DA8A09052D1C}"
EndProject
Project("{FAE04EC0-301F-11D3-BF4B-00C04F79EFBC}") = "Famoser.YoutubePlaylistDownloader.View", "Famoser.YoutubePlaylistDownloader.View\Famoser.YoutubePlaylistDownloader.View.csproj", "{898D2308-5C3E-4897-B52B-FEE7E89D076F}"
EndProject
Project("{FAE04EC0-301F-11D3-BF4B-00C04F79EFBC}") = "Famoser.YoutubePlaylistDownloader.Presentation.UniversalWindows", "Famoser.YoutubePlaylistDownloader.Presentation.UniversalWindows\Famoser.YoutubePlaylistDownloader.Presentation.UniversalWindows.csproj", "{4174C2C3-01E2-4FD8-9297-AD3BB7F23410}"
EndProject
Global
	GlobalSection(SolutionConfigurationPlatforms) = preSolution
		Debug|Any CPU = Debug|Any CPU
		Debug|ARM = Debug|ARM
		Debug|x64 = Debug|x64
		Debug|x86 = Debug|x86
		Release|Any CPU = Release|Any CPU
		Release|ARM = Release|ARM
		Release|x64 = Release|x64
		Release|x86 = Release|x86
	EndGlobalSection
	GlobalSection(ProjectConfigurationPlatforms) = postSolution
		{E66988D1-D2CB-471B-8EEB-DA8A09052D1C}.Debug|Any CPU.ActiveCfg = Debug|Any CPU
		{E66988D1-D2CB-471B-8EEB-DA8A09052D1C}.Debug|Any CPU.Build.0 = Debug|Any CPU
		{E66988D1-D2CB-471B-8EEB-DA8A09052D1C}.Debug|ARM.ActiveCfg = Debug|Any CPU
		{E66988D1-D2CB-471B-8EEB-DA8A09052D1C}.Debug|ARM.Build.0 = Debug|Any CPU
		{E66988D1-D2CB-471B-8EEB-DA8A09052D1C}.Debug|x64.ActiveCfg = Debug|Any CPU
		{E66988D1-D2CB-471B-8EEB-DA8A09052D1C}.Debug|x64.Build.0 = Debug|Any CPU
		{E66988D1-D2CB-471B-8EEB-DA8A09052D1C}.Debug|x86.ActiveCfg = Debug|Any CPU
		{E66988D1-D2CB-471B-8EEB-DA8A09052D1C}.Debug|x86.Build.0 = Debug|Any CPU
		{E66988D1-D2CB-471B-8EEB-DA8A09052D1C}.Release|Any CPU.ActiveCfg = Release|Any CPU
		{E66988D1-D2CB-471B-8EEB-DA8A09052D1C}.Release|Any CPU.Build.0 = Release|Any CPU
		{E66988D1-D2CB-471B-8EEB-DA8A09052D1C}.Release|ARM.ActiveCfg = Release|Any CPU
		{E66988D1-D2CB-471B-8EEB-DA8A09052D1C}.Release|ARM.Build.0 = Release|Any CPU
		{E66988D1-D2CB-471B-8EEB-DA8A09052D1C}.Release|x64.ActiveCfg = Release|Any CPU
		{E66988D1-D2CB-471B-8EEB-DA8A09052D1C}.Release|x64.Build.0 = Release|Any CPU
		{E66988D1-D2CB-471B-8EEB-DA8A09052D1C}.Release|x86.ActiveCfg = Release|Any CPU
		{E66988D1-D2CB-471B-8EEB-DA8A09052D1C}.Release|x86.Build.0 = Release|Any CPU
		{898D2308-5C3E-4897-B52B-FEE7E89D076F}.Debug|Any CPU.ActiveCfg = Debug|Any CPU
		{898D2308-5C3E-4897-B52B-FEE7E89D076F}.Debug|Any CPU.Build.0 = Debug|Any CPU
		{898D2308-5C3E-4897-B52B-FEE7E89D076F}.Debug|ARM.ActiveCfg = Debug|Any CPU
		{898D2308-5C3E-4897-B52B-FEE7E89D076F}.Debug|ARM.Build.0 = Debug|Any CPU
		{898D2308-5C3E-4897-B52B-FEE7E89D076F}.Debug|x64.ActiveCfg = Debug|Any CPU
		{898D2308-5C3E-4897-B52B-FEE7E89D076F}.Debug|x64.Build.0 = Debug|Any CPU
		{898D2308-5C3E-4897-B52B-FEE7E89D076F}.Debug|x86.ActiveCfg = Debug|Any CPU
		{898D2308-5C3E-4897-B52B-FEE7E89D076F}.Debug|x86.Build.0 = Debug|Any CPU
		{898D2308-5C3E-4897-B52B-FEE7E89D076F}.Release|Any CPU.ActiveCfg = Release|Any CPU
		{898D2308-5C3E-4897-B52B-FEE7E89D076F}.Release|Any CPU.Build.0 = Release|Any CPU
		{898D2308-5C3E-4897-B52B-FEE7E89D076F}.Release|ARM.ActiveCfg = Release|Any CPU
		{898D2308-5C3E-4897-B52B-FEE7E89D076F}.Release|ARM.Build.0 = Release|Any CPU
		{898D2308-5C3E-4897-B52B-FEE7E89D076F}.Release|x64.ActiveCfg = Release|Any CPU
		{898D2308-5C3E-4897-B52B-FEE7E89D076F}.Release|x64.Build.0 = Release|Any CPU
		{898D2308-5C3E-4897-B52B-FEE7E89D076F}.Release|x86.ActiveCfg = Release|Any CPU
		{898D2308-5C3E-4897-B52B-FEE7E89D076F}.Release|x86.Build.0 = Release|Any CPU
		{4174C2C3-01E2-4FD8-9297-AD3BB7F23410}.Debug|Any CPU.ActiveCfg = Debug|x86
		{4174C2C3-01E2-4FD8-9297-AD3BB7F23410}.Debug|ARM.ActiveCfg = Debug|ARM
		{4174C2C3-01E2-4FD8-9297-AD3BB7F23410}.Debug|ARM.Build.0 = Debug|ARM
		{4174C2C3-01E2-4FD8-9297-AD3BB7F23410}.Debug|ARM.Deploy.0 = Debug|ARM
		{4174C2C3-01E2-4FD8-9297-AD3BB7F23410}.Debug|x64.ActiveCfg = Debug|x64
		{4174C2C3-01E2-4FD8-9297-AD3BB7F23410}.Debug|x64.Build.0 = Debug|x64
		{4174C2C3-01E2-4FD8-9297-AD3BB7F23410}.Debug|x64.Deploy.0 = Debug|x64
		{4174C2C3-01E2-4FD8-9297-AD3BB7F23410}.Debug|x86.ActiveCfg = Debug|x86
		{4174C2C3-01E2-4FD8-9297-AD3BB7F23410}.Debug|x86.Build.0 = Debug|x86
		{4174C2C3-01E2-4FD8-9297-AD3BB7F23410}.Debug|x86.Deploy.0 = Debug|x86
		{4174C2C3-01E2-4FD8-9297-AD3BB7F23410}.Release|Any CPU.ActiveCfg = Release|x86
		{4174C2C3-01E2-4FD8-9297-AD3BB7F23410}.Release|ARM.ActiveCfg = Release|ARM
		{4174C2C3-01E2-4FD8-9297-AD3BB7F23410}.Release|ARM.Build.0 = Release|ARM
		{4174C2C3-01E2-4FD8-9297-AD3BB7F23410}.Release|ARM.Deploy.0 = Release|ARM
		{4174C2C3-01E2-4FD8-9297-AD3BB7F23410}.Release|x64.ActiveCfg = Release|x64
		{4174C2C3-01E2-4FD8-9297-AD3BB7F23410}.Release|x64.Build.0 = Release|x64
		{4174C2C3-01E2-4FD8-9297-AD3BB7F23410}.Release|x64.Deploy.0 = Release|x64
		{4174C2C3-01E2-4FD8-9297-AD3BB7F23410}.Release|x86.ActiveCfg = Release|x86
		{4174C2C3-01E2-4FD8-9297-AD3BB7F23410}.Release|x86.Build.0 = Release|x86
		{4174C2C3-01E2-4FD8-9297-AD3BB7F23410}.Release|x86.Deploy.0 = Release|x86
	EndGlobalSection
	GlobalSection(SolutionProperties) = preSolution
		HideSolutionNode = FALSE
	EndGlobalSection
	GlobalSection(NestedProjects) = preSolution
		{E66988D1-D2CB-471B-8EEB-DA8A09052D1C} = {7595A850-05E0-4828-A5BF-00B8B3086ED5}
		{898D2308-5C3E-4897-B52B-FEE7E89D076F} = {7595A850-05E0-4828-A5BF-00B8B3086ED5}
	EndGlobalSection
EndGlobal
